
Microsoft Visual Studio Solution File, Format Version 12.00
# Visual Studio 15
VisualStudioVersion = 15.0.28307.1062
MinimumVisualStudioVersion = 10.0.40219.1
Project("{FAE04EC0-301F-11D3-BF4B-00C04F79EFBC}") = "LanguageFeatures2", "LanguageFeatures2\LanguageFeatures2.csproj", "{6A79D5C3-A81B-42E2-8CDF-310614A57C5A}"
EndProject
Global
	GlobalSection(SolutionConfigurationPlatforms) = preSolution
		Debug|Any CPU = Debug|Any CPU
		Release|Any CPU = Release|Any CPU
	EndGlobalSection
	GlobalSection(ProjectConfigurationPlatforms) = postSolution
		{6A79D5C3-A81B-42E2-8CDF-310614A57C5A}.Debug|Any CPU.ActiveCfg = Debug|Any CPU
		{6A79D5C3-A81B-42E2-8CDF-310614A57C5A}.Debug|Any CPU.Build.0 = Debug|Any CPU
		{6A79D5C3-A81B-42E2-8CDF-310614A57C5A}.Release|Any CPU.ActiveCfg = Release|Any CPU
		{6A79D5C3-A81B-42E2-8CDF-310614A57C5A}.Release|Any CPU.Build.0 = Release|Any CPU
	EndGlobalSection
	GlobalSection(SolutionProperties) = preSolution
		HideSolutionNode = FALSE
	EndGlobalSection
	GlobalSection(ExtensibilityGlobals) = postSolution
		SolutionGuid = {9C67A0BE-DC1F-4EA4-B6FF-E1C62244BF95}
	EndGlobalSection
EndGlobal
